
Microsoft Visual Studio Solution File, Format Version 12.00
# Visual Studio Version 17
VisualStudioVersion = 17.10.35004.147
MinimumVisualStudioVersion = 10.0.40219.1
Project("{2150E333-8FDC-42A3-9474-1A3956D46DE8}") = "src", "src", "{15DCA25E-B14B-4DC0-8F15-791FB04D522A}"
EndProject
Project("{2150E333-8FDC-42A3-9474-1A3956D46DE8}") = "Solution Items", "Solution Items", "{9FDC4ADA-6DEE-4D95-BEC6-E5E0598064BF}"
	ProjectSection(SolutionItems) = preProject
		ServiceUrls.txt = ServiceUrls.txt
	EndProjectSection
EndProject
Project("{2150E333-8FDC-42A3-9474-1A3956D46DE8}") = "ApiGateways", "ApiGateways", "{942EC854-AA3B-4F2D-8E2E-F2F3C51C0F69}"
EndProject
Project("{2150E333-8FDC-42A3-9474-1A3956D46DE8}") = "BuildingBlocks", "BuildingBlocks", "{B07C6C9D-7688-4F1F-B027-0DC3853A42B1}"
EndProject
Project("{2150E333-8FDC-42A3-9474-1A3956D46DE8}") = "Services", "Services", "{96747079-80D0-49DE-9C51-15E5EB5820B1}"
EndProject
Project("{2150E333-8FDC-42A3-9474-1A3956D46DE8}") = "Clients", "Clients", "{440203DE-DBD6-4FCA-AC7D-05FC1AE234CA}"
EndProject
Project("{2150E333-8FDC-42A3-9474-1A3956D46DE8}") = "WebApiGateway", "WebApiGateway", "{D9974542-A18C-472F-9C45-38E9147C8757}"
EndProject
Project("{9A19103F-16F7-4668-BE54-9A1E7A4F7556}") = "Web.ApiGateway", "src\ApiGateways\WebApiGateway\Web.ApiGateway\Web.ApiGateway.csproj", "{5B9D37B3-2362-49FA-8FC3-44895D071D1F}"
EndProject
Project("{2150E333-8FDC-42A3-9474-1A3956D46DE8}") = "EventBus", "EventBus", "{F7DC0A26-104D-4728-9788-1B7E54252FF9}"
EndProject
Project("{9A19103F-16F7-4668-BE54-9A1E7A4F7556}") = "EventBus.Base", "src\BuildingBlocks\EventBus\EventBus.Base\EventBus.Base.csproj", "{B11D90C4-E353-4746-8011-538288055585}"
EndProject
Project("{9A19103F-16F7-4668-BE54-9A1E7A4F7556}") = "EventBus.Factory", "src\BuildingBlocks\EventBus\EventBus.Factory\EventBus.Factory.csproj", "{384BD7B8-72D8-4919-9E6C-42D61466D7FD}"
EndProject
Project("{9A19103F-16F7-4668-BE54-9A1E7A4F7556}") = "EventBus.AzureServiceBus", "src\BuildingBlocks\EventBus\EventBus.AzureServiceBus\EventBus.AzureServiceBus.csproj", "{9D44AAD8-FDC3-4305-A1BA-EF5E799ACE7B}"
EndProject
Project("{9A19103F-16F7-4668-BE54-9A1E7A4F7556}") = "EventBus.RabbitMQ", "src\BuildingBlocks\EventBus\EventBus.RabbitMQ\EventBus.RabbitMQ.csproj", "{49F1B00B-745B-4440-91BB-48782192DAB7}"
EndProject
Project("{2150E333-8FDC-42A3-9474-1A3956D46DE8}") = "BlazorWebApp", "BlazorWebApp", "{0090C9C2-5B8C-483F-97E2-8A21DA1FED2C}"
EndProject
Project("{9A19103F-16F7-4668-BE54-9A1E7A4F7556}") = "WebApp", "src\Clients\BlazorWebApp\WebApp\WebApp.csproj", "{AB575AC9-F15E-4BFA-AE31-E8C3EBCA7AC7}"
EndProject
Project("{2150E333-8FDC-42A3-9474-1A3956D46DE8}") = "CartService", "CartService", "{E4D605FB-AE38-482A-9E28-5EE788AE6F95}"
EndProject
Project("{9A19103F-16F7-4668-BE54-9A1E7A4F7556}") = "CartService.Api", "src\Services\CartService\CartService.Api\CartService.Api.csproj", "{BCACD005-82D3-4FE7-B9D5-EB7B90E8A369}"
EndProject
Project("{2150E333-8FDC-42A3-9474-1A3956D46DE8}") = "CatalogService", "CatalogService", "{305A4F21-532D-4834-ADDC-B05FD949A687}"
EndProject
Project("{9A19103F-16F7-4668-BE54-9A1E7A4F7556}") = "CatalogService.Api", "src\Services\CatalogService\CatalogService.Api\CatalogService.Api.csproj", "{285F1577-D53A-4682-B4BB-7F6E055AF39B}"
EndProject
Project("{2150E333-8FDC-42A3-9474-1A3956D46DE8}") = "IdentityService", "IdentityService", "{0FE99C64-32BD-434C-A59F-98467381CB3D}"
EndProject
Project("{9A19103F-16F7-4668-BE54-9A1E7A4F7556}") = "IdentityService.Api", "src\Services\IdentityService\IdentityService.Api\IdentityService.Api.csproj", "{661391E7-CE2D-4A0E-800E-4680472858BE}"
EndProject
Project("{2150E333-8FDC-42A3-9474-1A3956D46DE8}") = "NotificationService", "NotificationService", "{5764D2CE-F9EA-4EAA-A1AC-52501D7EFA03}"
EndProject
Project("{9A19103F-16F7-4668-BE54-9A1E7A4F7556}") = "NotificationService", "src\Services\NotificationService\NotificationService\NotificationService.csproj", "{A3FDBDA6-18ED-43C7-9398-1D3DF1904670}"
EndProject
Project("{2150E333-8FDC-42A3-9474-1A3956D46DE8}") = "OrderService", "OrderService", "{E6FFA38F-DBC9-4B76-8453-FEE6C21F697F}"
EndProject
Project("{9A19103F-16F7-4668-BE54-9A1E7A4F7556}") = "OrderService.Domain", "src\Services\OrderService\OrderService.Domain\OrderService.Domain.csproj", "{09B595CE-C676-439A-92F6-A0C53E1A5188}"
EndProject
Project("{9A19103F-16F7-4668-BE54-9A1E7A4F7556}") = "OrderService.Application", "src\Services\OrderService\OrderService.Application\OrderService.Application.csproj", "{B20435FE-DDCF-44D9-A7D5-28D384BD683F}"
EndProject
Project("{9A19103F-16F7-4668-BE54-9A1E7A4F7556}") = "OrderService.Infrastructure", "src\Services\OrderService\OrderService.Infrastructure\OrderService.Infrastructure.csproj", "{7B565821-F666-4A7E-9702-B9EB3AFEE2EA}"
EndProject
Project("{9A19103F-16F7-4668-BE54-9A1E7A4F7556}") = "OrderService.Api", "src\Services\OrderService\OrderService.Api\OrderService.Api.csproj", "{5A11DA8F-6A53-4369-A199-AE6428F1DCC3}"
EndProject
Project("{2150E333-8FDC-42A3-9474-1A3956D46DE8}") = "PaymentService", "PaymentService", "{222420D3-DCD6-4BE0-B8BC-7DBEC5A1F608}"
EndProject
Project("{9A19103F-16F7-4668-BE54-9A1E7A4F7556}") = "PaymentService.Api", "src\Services\PaymentService\PaymentService.Api\PaymentService.Api.csproj", "{2DA7FB6A-F5B4-458A-A386-3463137995C6}"
EndProject
Project("{2150E333-8FDC-42A3-9474-1A3956D46DE8}") = "tests", "tests", "{F570302F-6595-4799-AAC4-16E50453C5CD}"
EndProject
Project("{2150E333-8FDC-42A3-9474-1A3956D46DE8}") = "BuildingBlocks", "BuildingBlocks", "{824F22D1-552B-4DC1-AEEE-DF00455ADEF9}"
EndProject
Project("{FAE04EC0-301F-11D3-BF4B-00C04F79EFBC}") = "EventBus.UnitTest", "tests\BuildingBlocks\EventBus.UnitTest\EventBus.UnitTest\EventBus.UnitTest.csproj", "{AF4422D4-E7C8-4027-A5E8-76ACE95E1001}"
EndProject
Global
	GlobalSection(SolutionConfigurationPlatforms) = preSolution
		Debug|Any CPU = Debug|Any CPU
		Release|Any CPU = Release|Any CPU
	EndGlobalSection
	GlobalSection(ProjectConfigurationPlatforms) = postSolution
		{5B9D37B3-2362-49FA-8FC3-44895D071D1F}.Debug|Any CPU.ActiveCfg = Debug|Any CPU
		{5B9D37B3-2362-49FA-8FC3-44895D071D1F}.Debug|Any CPU.Build.0 = Debug|Any CPU
		{5B9D37B3-2362-49FA-8FC3-44895D071D1F}.Release|Any CPU.ActiveCfg = Release|Any CPU
		{5B9D37B3-2362-49FA-8FC3-44895D071D1F}.Release|Any CPU.Build.0 = Release|Any CPU
		{B11D90C4-E353-4746-8011-538288055585}.Debug|Any CPU.ActiveCfg = Debug|Any CPU
		{B11D90C4-E353-4746-8011-538288055585}.Debug|Any CPU.Build.0 = Debug|Any CPU
		{B11D90C4-E353-4746-8011-538288055585}.Release|Any CPU.ActiveCfg = Release|Any CPU
		{B11D90C4-E353-4746-8011-538288055585}.Release|Any CPU.Build.0 = Release|Any CPU
		{384BD7B8-72D8-4919-9E6C-42D61466D7FD}.Debug|Any CPU.ActiveCfg = Debug|Any CPU
		{384BD7B8-72D8-4919-9E6C-42D61466D7FD}.Debug|Any CPU.Build.0 = Debug|Any CPU
		{384BD7B8-72D8-4919-9E6C-42D61466D7FD}.Release|Any CPU.ActiveCfg = Release|Any CPU
		{384BD7B8-72D8-4919-9E6C-42D61466D7FD}.Release|Any CPU.Build.0 = Release|Any CPU
		{9D44AAD8-FDC3-4305-A1BA-EF5E799ACE7B}.Debug|Any CPU.ActiveCfg = Debug|Any CPU
		{9D44AAD8-FDC3-4305-A1BA-EF5E799ACE7B}.Debug|Any CPU.Build.0 = Debug|Any CPU
		{9D44AAD8-FDC3-4305-A1BA-EF5E799ACE7B}.Release|Any CPU.ActiveCfg = Release|Any CPU
		{9D44AAD8-FDC3-4305-A1BA-EF5E799ACE7B}.Release|Any CPU.Build.0 = Release|Any CPU
		{49F1B00B-745B-4440-91BB-48782192DAB7}.Debug|Any CPU.ActiveCfg = Debug|Any CPU
		{49F1B00B-745B-4440-91BB-48782192DAB7}.Debug|Any CPU.Build.0 = Debug|Any CPU
		{49F1B00B-745B-4440-91BB-48782192DAB7}.Release|Any CPU.ActiveCfg = Release|Any CPU
		{49F1B00B-745B-4440-91BB-48782192DAB7}.Release|Any CPU.Build.0 = Release|Any CPU
		{AB575AC9-F15E-4BFA-AE31-E8C3EBCA7AC7}.Debug|Any CPU.ActiveCfg = Debug|Any CPU
		{AB575AC9-F15E-4BFA-AE31-E8C3EBCA7AC7}.Debug|Any CPU.Build.0 = Debug|Any CPU
		{AB575AC9-F15E-4BFA-AE31-E8C3EBCA7AC7}.Release|Any CPU.ActiveCfg = Release|Any CPU
		{AB575AC9-F15E-4BFA-AE31-E8C3EBCA7AC7}.Release|Any CPU.Build.0 = Release|Any CPU
		{BCACD005-82D3-4FE7-B9D5-EB7B90E8A369}.Debug|Any CPU.ActiveCfg = Debug|Any CPU
		{BCACD005-82D3-4FE7-B9D5-EB7B90E8A369}.Debug|Any CPU.Build.0 = Debug|Any CPU
		{BCACD005-82D3-4FE7-B9D5-EB7B90E8A369}.Release|Any CPU.ActiveCfg = Release|Any CPU
		{BCACD005-82D3-4FE7-B9D5-EB7B90E8A369}.Release|Any CPU.Build.0 = Release|Any CPU
		{285F1577-D53A-4682-B4BB-7F6E055AF39B}.Debug|Any CPU.ActiveCfg = Debug|Any CPU
		{285F1577-D53A-4682-B4BB-7F6E055AF39B}.Debug|Any CPU.Build.0 = Debug|Any CPU
		{285F1577-D53A-4682-B4BB-7F6E055AF39B}.Release|Any CPU.ActiveCfg = Release|Any CPU
		{285F1577-D53A-4682-B4BB-7F6E055AF39B}.Release|Any CPU.Build.0 = Release|Any CPU
		{661391E7-CE2D-4A0E-800E-4680472858BE}.Debug|Any CPU.ActiveCfg = Debug|Any CPU
		{661391E7-CE2D-4A0E-800E-4680472858BE}.Debug|Any CPU.Build.0 = Debug|Any CPU
		{661391E7-CE2D-4A0E-800E-4680472858BE}.Release|Any CPU.ActiveCfg = Release|Any CPU
		{661391E7-CE2D-4A0E-800E-4680472858BE}.Release|Any CPU.Build.0 = Release|Any CPU
		{A3FDBDA6-18ED-43C7-9398-1D3DF1904670}.Debug|Any CPU.ActiveCfg = Debug|Any CPU
		{A3FDBDA6-18ED-43C7-9398-1D3DF1904670}.Debug|Any CPU.Build.0 = Debug|Any CPU
		{A3FDBDA6-18ED-43C7-9398-1D3DF1904670}.Release|Any CPU.ActiveCfg = Release|Any CPU
		{A3FDBDA6-18ED-43C7-9398-1D3DF1904670}.Release|Any CPU.Build.0 = Release|Any CPU
		{09B595CE-C676-439A-92F6-A0C53E1A5188}.Debug|Any CPU.ActiveCfg = Debug|Any CPU
		{09B595CE-C676-439A-92F6-A0C53E1A5188}.Debug|Any CPU.Build.0 = Debug|Any CPU
		{09B595CE-C676-439A-92F6-A0C53E1A5188}.Release|Any CPU.ActiveCfg = Release|Any CPU
		{09B595CE-C676-439A-92F6-A0C53E1A5188}.Release|Any CPU.Build.0 = Release|Any CPU
		{B20435FE-DDCF-44D9-A7D5-28D384BD683F}.Debug|Any CPU.ActiveCfg = Debug|Any CPU
		{B20435FE-DDCF-44D9-A7D5-28D384BD683F}.Debug|Any CPU.Build.0 = Debug|Any CPU
		{B20435FE-DDCF-44D9-A7D5-28D384BD683F}.Release|Any CPU.ActiveCfg = Release|Any CPU
		{B20435FE-DDCF-44D9-A7D5-28D384BD683F}.Release|Any CPU.Build.0 = Release|Any CPU
		{7B565821-F666-4A7E-9702-B9EB3AFEE2EA}.Debug|Any CPU.ActiveCfg = Debug|Any CPU
		{7B565821-F666-4A7E-9702-B9EB3AFEE2EA}.Debug|Any CPU.Build.0 = Debug|Any CPU
		{7B565821-F666-4A7E-9702-B9EB3AFEE2EA}.Release|Any CPU.ActiveCfg = Release|Any CPU
		{7B565821-F666-4A7E-9702-B9EB3AFEE2EA}.Release|Any CPU.Build.0 = Release|Any CPU
		{5A11DA8F-6A53-4369-A199-AE6428F1DCC3}.Debug|Any CPU.ActiveCfg = Debug|Any CPU
		{5A11DA8F-6A53-4369-A199-AE6428F1DCC3}.Debug|Any CPU.Build.0 = Debug|Any CPU
		{5A11DA8F-6A53-4369-A199-AE6428F1DCC3}.Release|Any CPU.ActiveCfg = Release|Any CPU
		{5A11DA8F-6A53-4369-A199-AE6428F1DCC3}.Release|Any CPU.Build.0 = Release|Any CPU
		{2DA7FB6A-F5B4-458A-A386-3463137995C6}.Debug|Any CPU.ActiveCfg = Debug|Any CPU
		{2DA7FB6A-F5B4-458A-A386-3463137995C6}.Debug|Any CPU.Build.0 = Debug|Any CPU
		{2DA7FB6A-F5B4-458A-A386-3463137995C6}.Release|Any CPU.ActiveCfg = Release|Any CPU
		{2DA7FB6A-F5B4-458A-A386-3463137995C6}.Release|Any CPU.Build.0 = Release|Any CPU
		{AF4422D4-E7C8-4027-A5E8-76ACE95E1001}.Debug|Any CPU.ActiveCfg = Debug|Any CPU
		{AF4422D4-E7C8-4027-A5E8-76ACE95E1001}.Debug|Any CPU.Build.0 = Debug|Any CPU
		{AF4422D4-E7C8-4027-A5E8-76ACE95E1001}.Release|Any CPU.ActiveCfg = Release|Any CPU
		{AF4422D4-E7C8-4027-A5E8-76ACE95E1001}.Release|Any CPU.Build.0 = Release|Any CPU
	EndGlobalSection
	GlobalSection(SolutionProperties) = preSolution
		HideSolutionNode = FALSE
	EndGlobalSection
	GlobalSection(NestedProjects) = preSolution
		{942EC854-AA3B-4F2D-8E2E-F2F3C51C0F69} = {15DCA25E-B14B-4DC0-8F15-791FB04D522A}
		{B07C6C9D-7688-4F1F-B027-0DC3853A42B1} = {15DCA25E-B14B-4DC0-8F15-791FB04D522A}
		{96747079-80D0-49DE-9C51-15E5EB5820B1} = {15DCA25E-B14B-4DC0-8F15-791FB04D522A}
		{440203DE-DBD6-4FCA-AC7D-05FC1AE234CA} = {15DCA25E-B14B-4DC0-8F15-791FB04D522A}
		{D9974542-A18C-472F-9C45-38E9147C8757} = {942EC854-AA3B-4F2D-8E2E-F2F3C51C0F69}
		{5B9D37B3-2362-49FA-8FC3-44895D071D1F} = {D9974542-A18C-472F-9C45-38E9147C8757}
		{F7DC0A26-104D-4728-9788-1B7E54252FF9} = {B07C6C9D-7688-4F1F-B027-0DC3853A42B1}
		{B11D90C4-E353-4746-8011-538288055585} = {F7DC0A26-104D-4728-9788-1B7E54252FF9}
		{384BD7B8-72D8-4919-9E6C-42D61466D7FD} = {F7DC0A26-104D-4728-9788-1B7E54252FF9}
		{9D44AAD8-FDC3-4305-A1BA-EF5E799ACE7B} = {F7DC0A26-104D-4728-9788-1B7E54252FF9}
		{49F1B00B-745B-4440-91BB-48782192DAB7} = {F7DC0A26-104D-4728-9788-1B7E54252FF9}
		{0090C9C2-5B8C-483F-97E2-8A21DA1FED2C} = {440203DE-DBD6-4FCA-AC7D-05FC1AE234CA}
		{AB575AC9-F15E-4BFA-AE31-E8C3EBCA7AC7} = {0090C9C2-5B8C-483F-97E2-8A21DA1FED2C}
		{E4D605FB-AE38-482A-9E28-5EE788AE6F95} = {96747079-80D0-49DE-9C51-15E5EB5820B1}
		{BCACD005-82D3-4FE7-B9D5-EB7B90E8A369} = {E4D605FB-AE38-482A-9E28-5EE788AE6F95}
		{305A4F21-532D-4834-ADDC-B05FD949A687} = {96747079-80D0-49DE-9C51-15E5EB5820B1}
		{285F1577-D53A-4682-B4BB-7F6E055AF39B} = {305A4F21-532D-4834-ADDC-B05FD949A687}
		{0FE99C64-32BD-434C-A59F-98467381CB3D} = {96747079-80D0-49DE-9C51-15E5EB5820B1}
		{661391E7-CE2D-4A0E-800E-4680472858BE} = {0FE99C64-32BD-434C-A59F-98467381CB3D}
		{5764D2CE-F9EA-4EAA-A1AC-52501D7EFA03} = {96747079-80D0-49DE-9C51-15E5EB5820B1}
		{A3FDBDA6-18ED-43C7-9398-1D3DF1904670} = {5764D2CE-F9EA-4EAA-A1AC-52501D7EFA03}
		{E6FFA38F-DBC9-4B76-8453-FEE6C21F697F} = {96747079-80D0-49DE-9C51-15E5EB5820B1}
		{09B595CE-C676-439A-92F6-A0C53E1A5188} = {E6FFA38F-DBC9-4B76-8453-FEE6C21F697F}
		{B20435FE-DDCF-44D9-A7D5-28D384BD683F} = {E6FFA38F-DBC9-4B76-8453-FEE6C21F697F}
		{7B565821-F666-4A7E-9702-B9EB3AFEE2EA} = {E6FFA38F-DBC9-4B76-8453-FEE6C21F697F}
		{5A11DA8F-6A53-4369-A199-AE6428F1DCC3} = {E6FFA38F-DBC9-4B76-8453-FEE6C21F697F}
		{222420D3-DCD6-4BE0-B8BC-7DBEC5A1F608} = {96747079-80D0-49DE-9C51-15E5EB5820B1}
		{2DA7FB6A-F5B4-458A-A386-3463137995C6} = {222420D3-DCD6-4BE0-B8BC-7DBEC5A1F608}
		{824F22D1-552B-4DC1-AEEE-DF00455ADEF9} = {F570302F-6595-4799-AAC4-16E50453C5CD}
		{AF4422D4-E7C8-4027-A5E8-76ACE95E1001} = {824F22D1-552B-4DC1-AEEE-DF00455ADEF9}
	EndGlobalSection
	GlobalSection(ExtensibilityGlobals) = postSolution
		SolutionGuid = {C61AF7DF-9A7B-4987-A33B-1B737E4BE7F9}
	EndGlobalSection
EndGlobal
